
Microsoft Visual Studio Solution File, Format Version 11.00
# Visual Studio 2010
Project("{FAE04EC0-301F-11D3-BF4B-00C04F79EFBC}") = "Assembly-CSharp", "Assembly-CSharp.csproj", "{71D44F4A-9154-5115-1917-15EF37FAAB8A}"
EndProject
Project("{FAE04EC0-301F-11D3-BF4B-00C04F79EFBC}") = "Assembly-CSharp-Editor", "Assembly-CSharp-Editor.csproj", "{51E0BBFE-490F-F332-EE25-ACA15EDCAB2A}"
EndProject
Global
	GlobalSection(SolutionConfigurationPlatforms) = preSolution
		Debug|Any CPU = Debug|Any CPU
		Release|Any CPU = Release|Any CPU
	EndGlobalSection
	GlobalSection(ProjectConfigurationPlatforms) = postSolution
		{71D44F4A-9154-5115-1917-15EF37FAAB8A}.Debug|Any CPU.ActiveCfg = Debug|Any CPU
		{71D44F4A-9154-5115-1917-15EF37FAAB8A}.Debug|Any CPU.Build.0 = Debug|Any CPU
		{71D44F4A-9154-5115-1917-15EF37FAAB8A}.Release|Any CPU.ActiveCfg = Release|Any CPU
		{71D44F4A-9154-5115-1917-15EF37FAAB8A}.Release|Any CPU.Build.0 = Release|Any CPU
		{51E0BBFE-490F-F332-EE25-ACA15EDCAB2A}.Debug|Any CPU.ActiveCfg = Debug|Any CPU
		{51E0BBFE-490F-F332-EE25-ACA15EDCAB2A}.Debug|Any CPU.Build.0 = Debug|Any CPU
		{51E0BBFE-490F-F332-EE25-ACA15EDCAB2A}.Release|Any CPU.ActiveCfg = Release|Any CPU
		{51E0BBFE-490F-F332-EE25-ACA15EDCAB2A}.Release|Any CPU.Build.0 = Release|Any CPU
	EndGlobalSection
	GlobalSection(SolutionProperties) = preSolution
		HideSolutionNode = FALSE
	EndGlobalSection
	GlobalSection(MonoDevelopProperties) = preSolution
		StartupItem = Assembly-CSharp.csproj
	EndGlobalSection
EndGlobal
